
Microsoft Visual Studio Solution File, Format Version 12.00
# Visual Studio Version 17
VisualStudioVersion = 17.10.35013.160
MinimumVisualStudioVersion = 10.0.40219.1
Project("{9A19103F-16F7-4668-BE54-9A1E7A4F7556}") = "HackatonLourd", "HackatonLourd.csproj", "{57EB12FA-79CC-42E8-9B6A-971AA3FC7A86}"
EndProject
Global
	GlobalSection(SolutionConfigurationPlatforms) = preSolution
		Debug|Any CPU = Debug|Any CPU
		Release|Any CPU = Release|Any CPU
	EndGlobalSection
	GlobalSection(ProjectConfigurationPlatforms) = postSolution
		{57EB12FA-79CC-42E8-9B6A-971AA3FC7A86}.Debug|Any CPU.ActiveCfg = Debug|Any CPU
		{57EB12FA-79CC-42E8-9B6A-971AA3FC7A86}.Debug|Any CPU.Build.0 = Debug|Any CPU
		{57EB12FA-79CC-42E8-9B6A-971AA3FC7A86}.Release|Any CPU.ActiveCfg = Release|Any CPU
		{57EB12FA-79CC-42E8-9B6A-971AA3FC7A86}.Release|Any CPU.Build.0 = Release|Any CPU
	EndGlobalSection
	GlobalSection(SolutionProperties) = preSolution
		HideSolutionNode = FALSE
	EndGlobalSection
	GlobalSection(ExtensibilityGlobals) = postSolution
		SolutionGuid = {CE127AD7-7A47-47AC-BBD4-FCA7C473EA8D}
	EndGlobalSection
EndGlobal
